
Microsoft Visual Studio Solution File, Format Version 12.00
# Visual Studio Version 17
VisualStudioVersion = 17.4.33110.190
MinimumVisualStudioVersion = 10.0.40219.1
Project("{FAE04EC0-301F-11D3-BF4B-00C04F79EFBC}") = "weatherapi", "weatherapi\weatherapi.csproj", "{D7B7CCAA-3E8C-4DEA-9B75-901142D7F466}"
EndProject
Global
	GlobalSection(SolutionConfigurationPlatforms) = preSolution
		Debug|Any CPU = Debug|Any CPU
		Release|Any CPU = Release|Any CPU
	EndGlobalSection
	GlobalSection(ProjectConfigurationPlatforms) = postSolution
		{D7B7CCAA-3E8C-4DEA-9B75-901142D7F466}.Debug|Any CPU.ActiveCfg = Debug|Any CPU
		{D7B7CCAA-3E8C-4DEA-9B75-901142D7F466}.Debug|Any CPU.Build.0 = Debug|Any CPU
		{D7B7CCAA-3E8C-4DEA-9B75-901142D7F466}.Release|Any CPU.ActiveCfg = Release|Any CPU
		{D7B7CCAA-3E8C-4DEA-9B75-901142D7F466}.Release|Any CPU.Build.0 = Release|Any CPU
	EndGlobalSection
	GlobalSection(SolutionProperties) = preSolution
		HideSolutionNode = FALSE
	EndGlobalSection
	GlobalSection(ExtensibilityGlobals) = postSolution
		SolutionGuid = {D8D4794C-F952-48D8-895E-58B027AEBA02}
	EndGlobalSection
EndGlobal
